
Microsoft Visual Studio Solution File, Format Version 12.00
# Visual Studio Version 17
VisualStudioVersion = 17.8.34511.84
MinimumVisualStudioVersion = 10.0.40219.1
Project("{9A19103F-16F7-4668-BE54-9A1E7A4F7556}") = "P3Challenge", "P3Challenge\P3Challenge.csproj", "{DCA38668-AA80-41DD-86A3-8EB042E8AB46}"
EndProject
Project("{FAE04EC0-301F-11D3-BF4B-00C04F79EFBC}") = "part 1", "part 1\part 1.csproj", "{4BA11890-1F50-4E31-AF58-DFC7E9B0AB98}"
EndProject
Global
	GlobalSection(SolutionConfigurationPlatforms) = preSolution
		Debug|Any CPU = Debug|Any CPU
		Release|Any CPU = Release|Any CPU
	EndGlobalSection
	GlobalSection(ProjectConfigurationPlatforms) = postSolution
		{DCA38668-AA80-41DD-86A3-8EB042E8AB46}.Debug|Any CPU.ActiveCfg = Debug|Any CPU
		{DCA38668-AA80-41DD-86A3-8EB042E8AB46}.Debug|Any CPU.Build.0 = Debug|Any CPU
		{DCA38668-AA80-41DD-86A3-8EB042E8AB46}.Release|Any CPU.ActiveCfg = Release|Any CPU
		{DCA38668-AA80-41DD-86A3-8EB042E8AB46}.Release|Any CPU.Build.0 = Release|Any CPU
		{4BA11890-1F50-4E31-AF58-DFC7E9B0AB98}.Debug|Any CPU.ActiveCfg = Debug|Any CPU
		{4BA11890-1F50-4E31-AF58-DFC7E9B0AB98}.Debug|Any CPU.Build.0 = Debug|Any CPU
		{4BA11890-1F50-4E31-AF58-DFC7E9B0AB98}.Release|Any CPU.ActiveCfg = Release|Any CPU
		{4BA11890-1F50-4E31-AF58-DFC7E9B0AB98}.Release|Any CPU.Build.0 = Release|Any CPU
	EndGlobalSection
	GlobalSection(SolutionProperties) = preSolution
		HideSolutionNode = FALSE
	EndGlobalSection
	GlobalSection(ExtensibilityGlobals) = postSolution
		SolutionGuid = {79987BEF-F115-46BB-A21A-E9A81BEA4CBF}
	EndGlobalSection
EndGlobal
